# THIS IS AN AUTOGENERATED FILE. DO NOT EDIT THIS FILE DIRECTLY.
# yarn lockfile v1


highcharts@^9.1.1:
  version "9.1.1"
  resolved "https://registry.yarnpkg.com/highcharts/-/highcharts-9.1.1.tgz#919223d7ccc429af8237a591855d8f48bea13872"
  integrity sha512-dNkUIJUNMh/G2TxQxxlQeILVs9tXiXQRxVkNGU9SLCh2zB2jcjJ7aQdgA0k7PFTEvDVUHphumZ301sHkDS7/pg==

jquery@^3.6.0:
  version "3.6.0"
  resolved "https://registry.yarnpkg.com/jquery/-/jquery-3.6.0.tgz#c72a09f15c1bdce142f49dbf1170bdf8adac2470"
  integrity sha512-JVzAR/AjBvVt2BmYhxRCSYysDsPcssdmTFnzyLEts9qNwmjmu4JTAMYubEfwVOSwpQ1I1sKKFcxhZCI2buerfw==
